// !$*UTF8*$!
{
	archiveVersion = 1;
	classes = {
	};
	objectVersion = 55;
	objects = {

/* Begin PBXBuildFile section */
		AE782405284CA3A00036848E /* AppDelegate.swift in Sources */ = {isa = PBXBuildFile; fileRef = AE782404284CA3A00036848E /* AppDelegate.swift */; };
		AE782407284CA3A00036848E /* SceneDelegate.swift in Sources */ = {isa = PBXBuildFile; fileRef = AE782406284CA3A00036848E /* SceneDelegate.swift */; };
		AE782409284CA3A00036848E /* ViewController.swift in Sources */ = {isa = PBXBuildFile; fileRef = AE782408284CA3A00036848E /* ViewController.swift */; };
		AE78240C284CA3A00036848E /* Main.storyboard in Resources */ = {isa = PBXBuildFile; fileRef = AE78240A284CA3A00036848E /* Main.storyboard */; };
		AE78240E284CA3A10036848E /* Assets.xcassets in Resources */ = {isa = PBXBuildFile; fileRef = AE78240D284CA3A10036848E /* Assets.xcassets */; };
		AE782411284CA3A10036848E /* LaunchScreen.storyboard in Resources */ = {isa = PBXBuildFile; fileRef = AE78240F284CA3A10036848E /* LaunchScreen.storyboard */; };
		AE92E930284E5DFA001477B0 /* natureImage1.jpg in Resources */ = {isa = PBXBuildFile; fileRef = AE92E92F284E5DFA001477B0 /* natureImage1.jpg */; };
		AE92E933284E5E4D001477B0 /* natureImage3.jpg in Resources */ = {isa = PBXBuildFile; fileRef = AE92E931284E5E4D001477B0 /* natureImage3.jpg */; };
		AE92E934284E5E4D001477B0 /* natureImage2.jpg in Resources */ = {isa = PBXBuildFile; fileRef = AE92E932284E5E4D001477B0 /* natureImage2.jpg */; };
/* End PBXBuildFile section */

/* Begin PBXFileReference section */
		AE782401284CA3A00036848E /* ImageViewApp.app */ = {isa = PBXFileReference; explicitFileType = wrapper.application; includeInIndex = 0; path = ImageViewApp.app; sourceTree = BUILT_PRODUCTS_DIR; };
		AE782404284CA3A00036848E /* AppDelegate.swift */ = {isa = PBXFileReference; lastKnownFileType = sourcecode.swift; path = AppDelegate.swift; sourceTree = "<group>"; };
		AE782406284CA3A00036848E /* SceneDelegate.swift */ = {isa = PBXFileReference; lastKnownFileType = sourcecode.swift; path = SceneDelegate.swift; sourceTree = "<group>"; };
		AE782408284CA3A00036848E /* ViewController.swift */ = {isa = PBXFileReference; lastKnownFileType = sourcecode.swift; path = ViewController.swift; sourceTree = "<group>"; };
		AE78240B284CA3A00036848E /* Base */ = {isa = PBXFileReference; lastKnownFileType = file.storyboard; name = Base; path = Base.lproj/Main.storyboard; sourceTree = "<group>"; };
		AE78240D284CA3A10036848E /* Assets.xcassets */ = {isa = PBXFileReference; lastKnownFileType = folder.assetcatalog; path = Assets.xcassets; sourceTree = "<group>"; };
		AE782410284CA3A10036848E /* Base */ = {isa = PBXFileReference; lastKnownFileType = file.storyboard; name = Base; path = Base.lproj/LaunchScreen.storyboard; sourceTree = "<group>"; };
		AE782412284CA3A10036848E /* Info.plist */ = {isa = PBXFileReference; lastKnownFileType = text.plist.xml; path = Info.plist; sourceTree = "<group>"; };
		AE92E92F284E5DFA001477B0 /* natureImage1.jpg */ = {isa = PBXFileReference; lastKnownFileType = image.jpeg; path = natureImage1.jpg; sourceTree = "<group>"; };
		AE92E931284E5E4D001477B0 /* natureImage3.jpg */ = {isa = PBXFileReference; lastKnownFileType = image.jpeg; path = natureImage3.jpg; sourceTree = "<group>"; };
		AE92E932284E5E4D001477B0 /* natureImage2.jpg */ = {isa = PBXFileReference; lastKnownFileType = image.jpeg; path = natureImage2.jpg; sourceTree = "<group>"; };
/* End PBXFileReference section */

/* Begin PBXFrameworksBuildPhase section */
		AE7823FE284CA3A00036848E /* Frameworks */ = {
			isa = PBXFrameworksBuildPhase;
			buildActionMask = 2147483647;
			files = (
			);
			runOnlyForDeploymentPostprocessing = 0;
		};
/* End PBXFrameworksBuildPhase section */

/* Begin PBXGroup section */
		AE7823F8284CA3A00036848E = {
			isa = PBXGroup;
			children = (
				AE782403284CA3A00036848E /* ImageViewApp */,
				AE782402284CA3A00036848E /* Products */,
			);
			sourceTree = "<group>";
		};
		AE782402284CA3A00036848E /* Products */ = {
			isa = PBXGroup;
			children = (
				AE782401284CA3A00036848E /* ImageViewApp.app */,
			);
			name = Products;
			sourceTree = "<group>";
		};
		AE782403284CA3A00036848E /* ImageViewApp */ = {
			isa = PBXGroup;
			children = (
				AE92E92E284E5D8C001477B0 /* images */,
				AE782404284CA3A00036848E /* AppDelegate.swift */,
				AE782406284CA3A00036848E /* SceneDelegate.swift */,
				AE782408284CA3A00036848E /* ViewController.swift */,
				AE78240A284CA3A00036848E /* Main.storyboard */,
				AE78240D284CA3A10036848E /* Assets.xcassets */,
				AE78240F284CA3A10036848E /* LaunchScreen.storyboard */,
				AE782412284CA3A10036848E /* Info.plist */,
			);
			path = ImageViewApp;
			sourceTree = "<group>";
		};
		AE92E92E284E5D8C001477B0 /* images */ = {
			isa = PBXGroup;
			children = (
				AE92E932284E5E4D001477B0 /* natureImage2.jpg */,
				AE92E931284E5E4D001477B0 /* natureImage3.jpg */,
				AE92E92F284E5DFA001477B0 /* natureImage1.jpg */,
			);
			path = images;
			sourceTree = "<group>";
		};
/* End PBXGroup section */

/* Begin PBXNativeTarget section */
		AE782400284CA3A00036848E /* ImageViewApp */ = {
			isa = PBXNativeTarget;
			buildConfigurationList = AE782415284CA3A10036848E /* Build configuration list for PBXNativeTarget "ImageViewApp" */;
			buildPhases = (
				AE7823FD284CA3A00036848E /* Sources */,
				AE7823FE284CA3A00036848E /* Frameworks */,
				AE7823FF284CA3A00036848E /* Resources */,
			);
			buildRules = (
			);
			dependencies = (
			);
			name = ImageViewApp;
			productName = ImageViewApp;
			productReference = AE782401284CA3A00036848E /* ImageViewApp.app */;
			productType = "com.apple.product-type.application";
		};
/* End PBXNativeTarget section */

/* Begin PBXProject section */
		AE7823F9284CA3A00036848E /* Project object */ = {
			isa = PBXProject;
			attributes = {
				BuildIndependentTargetsInParallel = 1;
				LastSwiftUpdateCheck = 1340;
				LastUpgradeCheck = 1340;
				TargetAttributes = {
					AE782400284CA3A00036848E = {
						CreatedOnToolsVersion = 13.4.1;
					};
				};
			};
			buildConfigurationList = AE7823FC284CA3A00036848E /* Build configuration list for PBXProject "ImageViewApp" */;
			compatibilityVersion = "Xcode 13.0";
			developmentRegion = en;
			hasScannedForEncodings = 0;
			knownRegions = (
				en,
				Base,
			);
			mainGroup = AE7823F8284CA3A00036848E;
			productRefGroup = AE782402284CA3A00036848E /* Products */;
			projectDirPath = "";
			projectRoot = "";
			targets = (
				AE782400284CA3A00036848E /* ImageViewApp */,
			);
		};
/* End PBXProject section */

/* Begin PBXResourcesBuildPhase section */
		AE7823FF284CA3A00036848E /* Resources */ = {
			isa = PBXResourcesBuildPhase;
			buildActionMask = 2147483647;
			files = (
				AE782411284CA3A10036848E /* LaunchScreen.storyboard in Resources */,
				AE78240E284CA3A10036848E /* Assets.xcassets in Resources */,
				AE92E930284E5DFA001477B0 /* natureImage1.jpg in Resources */,
				AE92E934284E5E4D001477B0 /* natureImage2.jpg in Resources */,
				AE78240C284CA3A00036848E /* Main.storyboard in Resources */,
				AE92E933284E5E4D001477B0 /* natureImage3.jpg in Resources */,
			);
			runOnlyForDeploymentPostprocessing = 0;
		};
/* End PBXResourcesBuildPhase section */

/* Begin PBXSourcesBuildPhase section */
		AE7823FD284CA3A00036848E /* Sources */ = {
			isa = PBXSourcesBuildPhase;
			buildActionMask = 2147483647;
			files = (
				AE782409284CA3A00036848E /* ViewController.swift in Sources */,
				AE782405284CA3A00036848E /* AppDelegate.swift in Sources */,
				AE782407284CA3A00036848E /* SceneDelegate.swift in Sources */,
			);
			runOnlyForDeploymentPostprocessing = 0;
		};
/* End PBXSourcesBuildPhase section */

/* Begin PBXVariantGroup section */
		AE78240A284CA3A00036848E /* Main.storyboard */ = {
			isa = PBXVariantGroup;
			children = (
				AE78240B284CA3A00036848E /* Base */,
			);
			name = Main.storyboard;
			sourceTree = "<group>";
		};
		AE78240F284CA3A10036848E /* LaunchScreen.storyboard */ = {
			isa = PBXVariantGroup;
			children = (
				AE782410284CA3A10036848E /* Base */,
			);
			name = LaunchScreen.storyboard;
			sourceTree = "<group>";
		};
/* End PBXVariantGroup section */

/* Begin XCBuildConfiguration section */
		AE782413284CA3A10036848E /* Debug */ = {
			isa = XCBuildConfiguration;
			buildSettings = {
				ALWAYS_SEARCH_USER_PATHS = NO;
				CLANG_ANALYZER_NONNULL = YES;
				CLANG_ANALYZER_NUMBER_OBJECT_CONVERSION = YES_AGGRESSIVE;
				CLANG_CXX_LANGUAGE_STANDARD = "gnu++17";
				CLANG_ENABLE_MODULES = YES;
				CLANG_ENABLE_OBJC_ARC = YES;
				CLANG_ENABLE_OBJC_WEAK = YES;
				CLANG_WARN_BLOCK_CAPTURE_AUTORELEASING = YES;
				CLANG_WARN_BOOL_CONVERSION = YES;
				CLANG_WARN_COMMA = YES;
				CLANG_WARN_CONSTANT_CONVERSION = YES;
				CLANG_WARN_DEPRECATED_OBJC_IMPLEMENTATIONS = YES;
				CLANG_WARN_DIRECT_OBJC_ISA_USAGE = YES_ERROR;
				CLANG_WARN_DOCUMENTATION_COMMENTS = YES;
				CLANG_WARN_EMPTY_BODY = YES;
				CLANG_WARN_ENUM_CONVERSION = YES;
				CLANG_WARN_INFINITE_RECURSION = YES;
				CLANG_WARN_INT_CONVERSION = YES;
				CLANG_WARN_NON_LITERAL_NULL_CONVERSION = YES;
				CLANG_WARN_OBJC_IMPLICIT_RETAIN_SELF = YES;
				CLANG_WARN_OBJC_LITERAL_CONVERSION = YES;
				CLANG_WARN_OBJC_ROOT_CLASS = YES_ERROR;
				CLANG_WARN_QUOTED_INCLUDE_IN_FRAMEWORK_HEADER = YES;
				CLANG_WARN_RANGE_LOOP_ANALYSIS = YES;
				CLANG_WARN_STRICT_PROTOTYPES = YES;
				CLANG_WARN_SUSPICIOUS_MOVE = YES;
				CLANG_WARN_UNGUARDED_AVAILABILITY = YES_AGGRESSIVE;
				CLANG_WARN_UNREACHABLE_CODE = YES;
				CLANG_WARN__DUPLICATE_METHOD_MATCH = YES;
				COPY_PHASE_STRIP = NO;
				DEBUG_INFORMATION_FORMAT = dwarf;
				ENABLE_STRICT_OBJC_MSGSEND = YES;
				ENABLE_TESTABILITY = YES;
				GCC_C_LANGUAGE_STANDARD = gnu11;
				GCC_DYNAMIC_NO_PIC = NO;
				GCC_NO_COMMON_BLOCKS = YES;
				GCC_OPTIMIZATION_LEVEL = 0;
				GCC_PREPROCESSOR_DEFINITIONS = (
					"DEBUG=1",
					"$(inherited)",
				);
				GCC_WARN_64_TO_32_BIT_CONVERSION = YES;
				GCC_WARN_ABOUT_RETURN_TYPE = YES_ERROR;
				GCC_WARN_UNDECLARED_SELECTOR = YES;
				GCC_WARN_UNINITIALIZED_AUTOS = YES_AGGRESSIVE;
				GCC_WARN_UNUSED_FUNCTION = YES;
				GCC_WARN_UNUSED_VARIABLE = YES;
				IPHONEOS_DEPLOYMENT_TARGET = 15.5;
				MTL_ENABLE_DEBUG_INFO = INCLUDE_SOURCE;
				MTL_FAST_MATH = YES;
				ONLY_ACTIVE_ARCH = YES;
				SDKROOT = iphoneos;
				SWIFT_ACTIVE_COMPILATION_CONDITIONS = DEBUG;
				SWIFT_OPTIMIZATION_LEVEL = "-Onone";
			};
			name = Debug;
		};
		AE782414284CA3A10036848E /* Release */ = {
			isa = XCBuildConfiguration;
			buildSettings = {
				ALWAYS_SEARCH_USER_PATHS = NO;
				CLANG_ANALYZER_NONNULL = YES;
				CLANG_ANALYZER_NUMBER_OBJECT_CONVERSION = YES_AGGRESSIVE;
				CLANG_CXX_LANGUAGE_STANDARD = "gnu++17";
				CLANG_ENABLE_MODULES = YES;
				CLANG_ENABLE_OBJC_ARC = YES;
				CLANG_ENABLE_OBJC_WEAK = YES;
				CLANG_WARN_BLOCK_CAPTURE_AUTORELEASING = YES;
				CLANG_WARN_BOOL_CONVERSION = YES;
				CLANG_WARN_COMMA = YES;
				CLANG_WARN_CONSTANT_CONVERSION = YES;
				CLANG_WARN_DEPRECATED_OBJC_IMPLEMENTATIONS = YES;
				CLANG_WARN_DIRECT_OBJC_ISA_USAGE = YES_ERROR;
				CLANG_WARN_DOCUMENTATION_COMMENTS = YES;
				CLANG_WARN_EMPTY_BODY = YES;
				CLANG_WARN_ENUM_CONVERSION = YES;
				CLANG_WARN_INFINITE_RECURSION = YES;
				CLANG_WARN_INT_CONVERSION = YES;
				CLANG_WARN_NON_LITERAL_NULL_CONVERSION = YES;
				CLANG_WARN_OBJC_IMPLICIT_RETAIN_SELF = YES;
				CLANG_WARN_OBJC_LITERAL_CONVERSION = YES;
				CLANG_WARN_OBJC_ROOT_CLASS = YES_ERROR;
				CLANG_WARN_QUOTED_INCLUDE_IN_FRAMEWORK_HEADER = YES;
				CLANG_WARN_RANGE_LOOP_ANALYSIS = YES;
				CLANG_WARN_STRICT_PROTOTYPES = YES;
				CLANG_WARN_SUSPICIOUS_MOVE = YES;
				CLANG_WARN_UNGUARDED_AVAILABILITY = YES_AGGRESSIVE;
				CLANG_WARN_UNREACHABLE_CODE = YES;
				CLANG_WARN__DUPLICATE_METHOD_MATCH = YES;
				COPY_PHASE_STRIP = NO;
				DEBUG_INFORMATION_FORMAT = "dwarf-with-dsym";
				ENABLE_NS_ASSERTIONS = NO;
				ENABLE_STRICT_OBJC_MSGSEND = YES;
				GCC_C_LANGUAGE_STANDARD = gnu11;
				GCC_NO_COMMON_BLOCKS = YES;
				GCC_WARN_64_TO_32_BIT_CONVERSION = YES;
				GCC_WARN_ABOUT_RETURN_TYPE = YES_ERROR;
				GCC_WARN_UNDECLARED_SELECTOR = YES;
				GCC_WARN_UNINITIALIZED_AUTOS = YES_AGGRESSIVE;
				GCC_WARN_UNUSED_FUNCTION = YES;
				GCC_WARN_UNUSED_VARIABLE = YES;
				IPHONEOS_DEPLOYMENT_TARGET = 15.5;
				MTL_ENABLE_DEBUG_INFO = NO;
				MTL_FAST_MATH = YES;
				SDKROOT = iphoneos;
				SWIFT_COMPILATION_MODE = wholemodule;
				SWIFT_OPTIMIZATION_LEVEL = "-O";
				VALIDATE_PRODUCT = YES;
			};
			name = Release;
		};
		AE782416284CA3A10036848E /* Debug */ = {
			isa = XCBuildConfiguration;
			buildSettings = {
				ASSETCATALOG_COMPILER_APPICON_NAME = AppIcon;
				ASSETCATALOG_COMPILER_GLOBAL_ACCENT_COLOR_NAME = AccentColor;
				CODE_SIGN_STYLE = Automatic;
				CURRENT_PROJECT_VERSION = 1;
				DEVELOPMENT_TEAM = GUV5H3HU85;
				GENERATE_INFOPLIST_FILE = YES;
				INFOPLIST_FILE = ImageViewApp/Info.plist;
				INFOPLIST_KEY_UIApplicationSupportsIndirectInputEvents = YES;
				INFOPLIST_KEY_UILaunchStoryboardName = LaunchScreen;
				INFOPLIST_KEY_UIMainStoryboardFile = Main;
				INFOPLIST_KEY_UISupportedInterfaceOrientations_iPad = "UIInterfaceOrientationPortrait UIInterfaceOrientationPortraitUpsideDown UIInterfaceOrientationLandscapeLeft UIInterfaceOrientationLandscapeRight";
				INFOPLIST_KEY_UISupportedInterfaceOrientations_iPhone = "UIInterfaceOrientationPortrait UIInterfaceOrientationLandscapeLeft UIInterfaceOrientationLandscapeRight";
				LD_RUNPATH_SEARCH_PATHS = (
					"$(inherited)",
					"@executable_path/Frameworks",
				);
				MARKETING_VERSION = 1.0;
				PRODUCT_BUNDLE_IDENTIFIER = pritamdash.ImageViewApp;
				PRODUCT_NAME = "$(TARGET_NAME)";
				SWIFT_EMIT_LOC_STRINGS = YES;
				SWIFT_VERSION = 5.0;
				TARGETED_DEVICE_FAMILY = "1,2";
			};
			name = Debug;
		};
		AE782417284CA3A10036848E /* Release */ = {
			isa = XCBuildConfiguration;
			buildSettings = {
				ASSETCATALOG_COMPILER_APPICON_NAME = AppIcon;
				ASSETCATALOG_COMPILER_GLOBAL_ACCENT_COLOR_NAME = AccentColor;
				CODE_SIGN_STYLE = Automatic;
				CURRENT_PROJECT_VERSION = 1;
				DEVELOPMENT_TEAM = GUV5H3HU85;
				GENERATE_INFOPLIST_FILE = YES;
				INFOPLIST_FILE = ImageViewApp/Info.plist;
				INFOPLIST_KEY_UIApplicationSupportsIndirectInputEvents = YES;
				INFOPLIST_KEY_UILaunchStoryboardName = LaunchScreen;
				INFOPLIST_KEY_UIMainStoryboardFile = Main;
				INFOPLIST_KEY_UISupportedInterfaceOrientations_iPad = "UIInterfaceOrientationPortrait UIInterfaceOrientationPortraitUpsideDown UIInterfaceOrientationLandscapeLeft UIInterfaceOrientationLandscapeRight";
				INFOPLIST_KEY_UISupportedInterfaceOrientations_iPhone = "UIInterfaceOrientationPortrait UIInterfaceOrientationLandscapeLeft UIInterfaceOrientationLandscapeRight";
				LD_RUNPATH_SEARCH_PATHS = (
					"$(inherited)",
					"@executable_path/Frameworks",
				);
				MARKETING_VERSION = 1.0;
				PRODUCT_BUNDLE_IDENTIFIER = pritamdash.ImageViewApp;
				PRODUCT_NAME = "$(TARGET_NAME)";
				SWIFT_EMIT_LOC_STRINGS = YES;
				SWIFT_VERSION = 5.0;
				TARGETED_DEVICE_FAMILY = "1,2";
			};
			name = Release;
		};
/* End XCBuildConfiguration section */

/* Begin XCConfigurationList section */
		AE7823FC284CA3A00036848E /* Build configuration list for PBXProject "ImageViewApp" */ = {
			isa = XCConfigurationList;
			buildConfigurations = (
				AE782413284CA3A10036848E /* Debug */,
				AE782414284CA3A10036848E /* Release */,
			);
			defaultConfigurationIsVisible = 0;
			defaultConfigurationName = Release;
		};
		AE782415284CA3A10036848E /* Build configuration list for PBXNativeTarget "ImageViewApp" */ = {
			isa = XCConfigurationList;
			buildConfigurations = (
				AE782416284CA3A10036848E /* Debug */,
				AE782417284CA3A10036848E /* Release */,
			);
			defaultConfigurationIsVisible = 0;
			defaultConfigurationName = Release;
		};
/* End XCConfigurationList section */
	};
	rootObject = AE7823F9284CA3A00036848E /* Project object */;
}
